{
    "name": "scripts",
    "version": "1.0.0",
    "lockfileVersion": 2,
    "requires": true,
    "packages": {
        "": {
            "name": "scripts",
            "version": "1.0.0",
            "license": "ISC",
            "dependencies": {
                "@hapi/iron": "^6.0.0"
            }
        },
        "node_modules/@hapi/b64": {
            "version": "5.0.0",
            "resolved": "https://registry.npmjs.org/@hapi/b64/-/b64-5.0.0.tgz",
            "integrity": "sha512-ngu0tSEmrezoiIaNGG6rRvKOUkUuDdf4XTPnONHGYfSGRmDqPZX5oJL6HAdKTo1UQHECbdB4OzhWrfgVppjHUw==",
            "dependencies": {
                "@hapi/hoek": "9.x.x"
            }
        },
        "node_modules/@hapi/boom": {
            "version": "9.1.4",
            "resolved": "https://registry.npmjs.org/@hapi/boom/-/boom-9.1.4.tgz",
            "integrity": "sha512-Ls1oH8jaN1vNsqcaHVYJrKmgMcKsC1wcp8bujvXrHaAqD2iDYq3HoOwsxwo09Cuda5R5nC0o0IxlrlTuvPuzSw==",
            "dependencies": {
                "@hapi/hoek": "9.x.x"
            }
        },
        "node_modules/@hapi/bourne": {
            "version": "2.0.0",
            "resolved": "https://registry.npmjs.org/@hapi/bourne/-/bourne-2.0.0.tgz",
            "integrity": "sha512-WEezM1FWztfbzqIUbsDzFRVMxSoLy3HugVcux6KDDtTqzPsLE8NDRHfXvev66aH1i2oOKKar3/XDjbvh/OUBdg=="
        },
        "node_modules/@hapi/cryptiles": {
            "version": "5.1.0",
            "resolved": "https://registry.npmjs.org/@hapi/cryptiles/-/cryptiles-5.1.0.tgz",
            "integrity": "sha512-fo9+d1Ba5/FIoMySfMqPBR/7Pa29J2RsiPrl7bkwo5W5o+AN1dAYQRi4SPrPwwVxVGKjgLOEWrsvt1BonJSfLA==",
            "dependencies": {
                "@hapi/boom": "9.x.x"
            },
            "engines": {
                "node": ">=12.0.0"
            }
        },
        "node_modules/@hapi/hoek": {
            "version": "9.2.1",
            "resolved": "https://registry.npmjs.org/@hapi/hoek/-/hoek-9.2.1.tgz",
            "integrity": "sha512-gfta+H8aziZsm8pZa0vj04KO6biEiisppNgA1kbJvFrrWu9Vm7eaUEy76DIxsuTaWvti5fkJVhllWc6ZTE+Mdw=="
        },
        "node_modules/@hapi/iron": {
            "version": "6.0.0",
            "resolved": "https://registry.npmjs.org/@hapi/iron/-/iron-6.0.0.tgz",
            "integrity": "sha512-zvGvWDufiTGpTJPG1Y/McN8UqWBu0k/xs/7l++HVU535NLHXsHhy54cfEMdW7EjwKfbBfM9Xy25FmTiobb7Hvw==",
            "dependencies": {
                "@hapi/b64": "5.x.x",
                "@hapi/boom": "9.x.x",
                "@hapi/bourne": "2.x.x",
                "@hapi/cryptiles": "5.x.x",
                "@hapi/hoek": "9.x.x"
            }
        }
    },
    "dependencies": {
        "@hapi/b64": {
            "version": "5.0.0",
            "resolved": "https://registry.npmjs.org/@hapi/b64/-/b64-5.0.0.tgz",
            "integrity": "sha512-ngu0tSEmrezoiIaNGG6rRvKOUkUuDdf4XTPnONHGYfSGRmDqPZX5oJL6HAdKTo1UQHECbdB4OzhWrfgVppjHUw==",
            "requires": {
                "@hapi/hoek": "9.x.x"
            }
        },
        "@hapi/boom": {
            "version": "9.1.4",
            "resolved": "https://registry.npmjs.org/@hapi/boom/-/boom-9.1.4.tgz",
            "integrity": "sha512-Ls1oH8jaN1vNsqcaHVYJrKmgMcKsC1wcp8bujvXrHaAqD2iDYq3HoOwsxwo09Cuda5R5nC0o0IxlrlTuvPuzSw==",
            "requires": {
                "@hapi/hoek": "9.x.x"
            }
        },
        "@hapi/bourne": {
            "version": "2.0.0",
            "resolved": "https://registry.npmjs.org/@hapi/bourne/-/bourne-2.0.0.tgz",
            "integrity": "sha512-WEezM1FWztfbzqIUbsDzFRVMxSoLy3HugVcux6KDDtTqzPsLE8NDRHfXvev66aH1i2oOKKar3/XDjbvh/OUBdg=="
        },
        "@hapi/cryptiles": {
            "version": "5.1.0",
            "resolved": "https://registry.npmjs.org/@hapi/cryptiles/-/cryptiles-5.1.0.tgz",
            "integrity": "sha512-fo9+d1Ba5/FIoMySfMqPBR/7Pa29J2RsiPrl7bkwo5W5o+AN1dAYQRi4SPrPwwVxVGKjgLOEWrsvt1BonJSfLA==",
            "requires": {
                "@hapi/boom": "9.x.x"
            }
        },
        "@hapi/hoek": {
            "version": "9.2.1",
            "resolved": "https://registry.npmjs.org/@hapi/hoek/-/hoek-9.2.1.tgz",
            "integrity": "sha512-gfta+H8aziZsm8pZa0vj04KO6biEiisppNgA1kbJvFrrWu9Vm7eaUEy76DIxsuTaWvti5fkJVhllWc6ZTE+Mdw=="
        },
        "@hapi/iron": {
            "version": "6.0.0",
            "resolved": "https://registry.npmjs.org/@hapi/iron/-/iron-6.0.0.tgz",
            "integrity": "sha512-zvGvWDufiTGpTJPG1Y/McN8UqWBu0k/xs/7l++HVU535NLHXsHhy54cfEMdW7EjwKfbBfM9Xy25FmTiobb7Hvw==",
            "requires": {
                "@hapi/b64": "5.x.x",
                "@hapi/boom": "9.x.x",
                "@hapi/bourne": "2.x.x",
                "@hapi/cryptiles": "5.x.x",
                "@hapi/hoek": "9.x.x"
            }
        }
    }
}
